
Microsoft Visual Studio Solution File, Format Version 12.00
# Visual Studio 15
VisualStudioVersion = 15.0.27130.2010
MinimumVisualStudioVersion = 10.0.40219.1
Project("{FAE04EC0-301F-11D3-BF4B-00C04F79EFBC}") = "Roulette", "Roulette\Roulette.csproj", "{BB08459A-2EC0-4B1C-A285-B588CA371758}"
EndProject
Global
	GlobalSection(SolutionConfigurationPlatforms) = preSolution
		Debug|Any CPU = Debug|Any CPU
		Release|Any CPU = Release|Any CPU
	EndGlobalSection
	GlobalSection(ProjectConfigurationPlatforms) = postSolution
		{BB08459A-2EC0-4B1C-A285-B588CA371758}.Debug|Any CPU.ActiveCfg = Debug|Any CPU
		{BB08459A-2EC0-4B1C-A285-B588CA371758}.Debug|Any CPU.Build.0 = Debug|Any CPU
		{BB08459A-2EC0-4B1C-A285-B588CA371758}.Release|Any CPU.ActiveCfg = Release|Any CPU
		{BB08459A-2EC0-4B1C-A285-B588CA371758}.Release|Any CPU.Build.0 = Release|Any CPU
	EndGlobalSection
	GlobalSection(SolutionProperties) = preSolution
		HideSolutionNode = FALSE
	EndGlobalSection
	GlobalSection(ExtensibilityGlobals) = postSolution
		SolutionGuid = {8ADFE2DC-AD8D-41B1-8054-C26E859FF359}
	EndGlobalSection
EndGlobal
